
Microsoft Visual Studio Solution File, Format Version 12.00
# Visual Studio 15
VisualStudioVersion = 15.0.26124.0
MinimumVisualStudioVersion = 15.0.26124.0
Project("{FAE04EC0-301F-11D3-BF4B-00C04F79EFBC}") = "app-zig", "app-zig\app-zig.csproj", "{C3ED7F5D-F3E8-43D4-A625-DBF0F6D497E0}"
EndProject
Project("{FAE04EC0-301F-11D3-BF4B-00C04F79EFBC}") = "app-shared", "app-shared\app-shared.csproj", "{2A6406C7-A35B-49E5-B248-1D43C370E915}"
EndProject
Project("{FAE04EC0-301F-11D3-BF4B-00C04F79EFBC}") = "app-c", "app-c\app-c.csproj", "{475AB54A-444C-4BFF-B782-6D4C1D0A6E53}"
EndProject
Global
	GlobalSection(SolutionConfigurationPlatforms) = preSolution
		Debug|Any CPU = Debug|Any CPU
		Debug|x64 = Debug|x64
		Debug|x86 = Debug|x86
		Release|Any CPU = Release|Any CPU
		Release|x64 = Release|x64
		Release|x86 = Release|x86
	EndGlobalSection
	GlobalSection(SolutionProperties) = preSolution
		HideSolutionNode = FALSE
	EndGlobalSection
	GlobalSection(ProjectConfigurationPlatforms) = postSolution
		{C3ED7F5D-F3E8-43D4-A625-DBF0F6D497E0}.Debug|Any CPU.ActiveCfg = Debug|Any CPU
		{C3ED7F5D-F3E8-43D4-A625-DBF0F6D497E0}.Debug|Any CPU.Build.0 = Debug|Any CPU
		{C3ED7F5D-F3E8-43D4-A625-DBF0F6D497E0}.Debug|x64.ActiveCfg = Debug|Any CPU
		{C3ED7F5D-F3E8-43D4-A625-DBF0F6D497E0}.Debug|x64.Build.0 = Debug|Any CPU
		{C3ED7F5D-F3E8-43D4-A625-DBF0F6D497E0}.Debug|x86.ActiveCfg = Debug|Any CPU
		{C3ED7F5D-F3E8-43D4-A625-DBF0F6D497E0}.Debug|x86.Build.0 = Debug|Any CPU
		{C3ED7F5D-F3E8-43D4-A625-DBF0F6D497E0}.Release|Any CPU.ActiveCfg = Release|Any CPU
		{C3ED7F5D-F3E8-43D4-A625-DBF0F6D497E0}.Release|Any CPU.Build.0 = Release|Any CPU
		{C3ED7F5D-F3E8-43D4-A625-DBF0F6D497E0}.Release|x64.ActiveCfg = Release|Any CPU
		{C3ED7F5D-F3E8-43D4-A625-DBF0F6D497E0}.Release|x64.Build.0 = Release|Any CPU
		{C3ED7F5D-F3E8-43D4-A625-DBF0F6D497E0}.Release|x86.ActiveCfg = Release|Any CPU
		{C3ED7F5D-F3E8-43D4-A625-DBF0F6D497E0}.Release|x86.Build.0 = Release|Any CPU
		{2A6406C7-A35B-49E5-B248-1D43C370E915}.Debug|Any CPU.ActiveCfg = Debug|Any CPU
		{2A6406C7-A35B-49E5-B248-1D43C370E915}.Debug|Any CPU.Build.0 = Debug|Any CPU
		{2A6406C7-A35B-49E5-B248-1D43C370E915}.Debug|x64.ActiveCfg = Debug|Any CPU
		{2A6406C7-A35B-49E5-B248-1D43C370E915}.Debug|x64.Build.0 = Debug|Any CPU
		{2A6406C7-A35B-49E5-B248-1D43C370E915}.Debug|x86.ActiveCfg = Debug|Any CPU
		{2A6406C7-A35B-49E5-B248-1D43C370E915}.Debug|x86.Build.0 = Debug|Any CPU
		{2A6406C7-A35B-49E5-B248-1D43C370E915}.Release|Any CPU.ActiveCfg = Release|Any CPU
		{2A6406C7-A35B-49E5-B248-1D43C370E915}.Release|Any CPU.Build.0 = Release|Any CPU
		{2A6406C7-A35B-49E5-B248-1D43C370E915}.Release|x64.ActiveCfg = Release|Any CPU
		{2A6406C7-A35B-49E5-B248-1D43C370E915}.Release|x64.Build.0 = Release|Any CPU
		{2A6406C7-A35B-49E5-B248-1D43C370E915}.Release|x86.ActiveCfg = Release|Any CPU
		{2A6406C7-A35B-49E5-B248-1D43C370E915}.Release|x86.Build.0 = Release|Any CPU
		{475AB54A-444C-4BFF-B782-6D4C1D0A6E53}.Debug|Any CPU.ActiveCfg = Debug|Any CPU
		{475AB54A-444C-4BFF-B782-6D4C1D0A6E53}.Debug|Any CPU.Build.0 = Debug|Any CPU
		{475AB54A-444C-4BFF-B782-6D4C1D0A6E53}.Debug|x64.ActiveCfg = Debug|Any CPU
		{475AB54A-444C-4BFF-B782-6D4C1D0A6E53}.Debug|x64.Build.0 = Debug|Any CPU
		{475AB54A-444C-4BFF-B782-6D4C1D0A6E53}.Debug|x86.ActiveCfg = Debug|Any CPU
		{475AB54A-444C-4BFF-B782-6D4C1D0A6E53}.Debug|x86.Build.0 = Debug|Any CPU
		{475AB54A-444C-4BFF-B782-6D4C1D0A6E53}.Release|Any CPU.ActiveCfg = Release|Any CPU
		{475AB54A-444C-4BFF-B782-6D4C1D0A6E53}.Release|Any CPU.Build.0 = Release|Any CPU
		{475AB54A-444C-4BFF-B782-6D4C1D0A6E53}.Release|x64.ActiveCfg = Release|Any CPU
		{475AB54A-444C-4BFF-B782-6D4C1D0A6E53}.Release|x64.Build.0 = Release|Any CPU
		{475AB54A-444C-4BFF-B782-6D4C1D0A6E53}.Release|x86.ActiveCfg = Release|Any CPU
		{475AB54A-444C-4BFF-B782-6D4C1D0A6E53}.Release|x86.Build.0 = Release|Any CPU
	EndGlobalSection
EndGlobal
